
Microsoft Visual Studio Solution File, Format Version 12.00
# Visual Studio 15
VisualStudioVersion = 15.0.28307.757
MinimumVisualStudioVersion = 10.0.40219.1
Project("{9A19103F-16F7-4668-BE54-9A1E7A4F7556}") = "CartProblem", "CartProblem\CartProblem.csproj", "{96EE8E80-601E-4B20-991E-5970C724435C}"
EndProject
Project("{FAE04EC0-301F-11D3-BF4B-00C04F79EFBC}") = "CleanCodePracticesTestProject", "CleanCodePracticesTestProject\CleanCodePracticesTestProject.csproj", "{AE4338CE-7D2B-4D76-A38E-134E8F312365}"
EndProject
Global
	GlobalSection(SolutionConfigurationPlatforms) = preSolution
		Debug|Any CPU = Debug|Any CPU
		Release|Any CPU = Release|Any CPU
	EndGlobalSection
	GlobalSection(ProjectConfigurationPlatforms) = postSolution
		{96EE8E80-601E-4B20-991E-5970C724435C}.Debug|Any CPU.ActiveCfg = Debug|Any CPU
		{96EE8E80-601E-4B20-991E-5970C724435C}.Debug|Any CPU.Build.0 = Debug|Any CPU
		{96EE8E80-601E-4B20-991E-5970C724435C}.Release|Any CPU.ActiveCfg = Release|Any CPU
		{96EE8E80-601E-4B20-991E-5970C724435C}.Release|Any CPU.Build.0 = Release|Any CPU
		{AE4338CE-7D2B-4D76-A38E-134E8F312365}.Debug|Any CPU.ActiveCfg = Debug|Any CPU
		{AE4338CE-7D2B-4D76-A38E-134E8F312365}.Debug|Any CPU.Build.0 = Debug|Any CPU
		{AE4338CE-7D2B-4D76-A38E-134E8F312365}.Release|Any CPU.ActiveCfg = Release|Any CPU
		{AE4338CE-7D2B-4D76-A38E-134E8F312365}.Release|Any CPU.Build.0 = Release|Any CPU
	EndGlobalSection
	GlobalSection(SolutionProperties) = preSolution
		HideSolutionNode = FALSE
	EndGlobalSection
	GlobalSection(ExtensibilityGlobals) = postSolution
		SolutionGuid = {4B1402C4-B956-4CEF-B61D-3E1FD989A317}
	EndGlobalSection
EndGlobal
